
Microsoft Visual Studio Solution File, Format Version 12.00
# Visual Studio 15
VisualStudioVersion = 15.0.26228.9
MinimumVisualStudioVersion = 10.0.40219.1
Project("{9A19103F-16F7-4668-BE54-9A1E7A4F7556}") = "FasterReflection", "src\FasterReflection\FasterReflection.csproj", "{32B8F4AB-CC17-4F6E-B6B6-A26556A9EAB5}"
EndProject
Project("{9A19103F-16F7-4668-BE54-9A1E7A4F7556}") = "FasterReflection.Tests", "src\FasterReflection.Tests\FasterReflection.Tests.csproj", "{D30D4DD8-1F86-4A4E-AD01-DB001E584C82}"
EndProject
Project("{9A19103F-16F7-4668-BE54-9A1E7A4F7556}") = "FasterReflection.TestAssembly", "src\FasterReflection.TestAssembly\FasterReflection.TestAssembly.csproj", "{1D68316B-7EDB-48E8-B945-AB1DC61C30FB}"
EndProject
Global
	GlobalSection(SolutionConfigurationPlatforms) = preSolution
		Debug|Any CPU = Debug|Any CPU
		Release|Any CPU = Release|Any CPU
	EndGlobalSection
	GlobalSection(ProjectConfigurationPlatforms) = postSolution
		{32B8F4AB-CC17-4F6E-B6B6-A26556A9EAB5}.Debug|Any CPU.ActiveCfg = Debug|Any CPU
		{32B8F4AB-CC17-4F6E-B6B6-A26556A9EAB5}.Debug|Any CPU.Build.0 = Debug|Any CPU
		{32B8F4AB-CC17-4F6E-B6B6-A26556A9EAB5}.Release|Any CPU.ActiveCfg = Release|Any CPU
		{32B8F4AB-CC17-4F6E-B6B6-A26556A9EAB5}.Release|Any CPU.Build.0 = Release|Any CPU
		{D30D4DD8-1F86-4A4E-AD01-DB001E584C82}.Debug|Any CPU.ActiveCfg = Debug|Any CPU
		{D30D4DD8-1F86-4A4E-AD01-DB001E584C82}.Debug|Any CPU.Build.0 = Debug|Any CPU
		{D30D4DD8-1F86-4A4E-AD01-DB001E584C82}.Release|Any CPU.ActiveCfg = Release|Any CPU
		{D30D4DD8-1F86-4A4E-AD01-DB001E584C82}.Release|Any CPU.Build.0 = Release|Any CPU
		{1D68316B-7EDB-48E8-B945-AB1DC61C30FB}.Debug|Any CPU.ActiveCfg = Debug|Any CPU
		{1D68316B-7EDB-48E8-B945-AB1DC61C30FB}.Debug|Any CPU.Build.0 = Debug|Any CPU
		{1D68316B-7EDB-48E8-B945-AB1DC61C30FB}.Release|Any CPU.ActiveCfg = Release|Any CPU
		{1D68316B-7EDB-48E8-B945-AB1DC61C30FB}.Release|Any CPU.Build.0 = Release|Any CPU
	EndGlobalSection
	GlobalSection(SolutionProperties) = preSolution
		HideSolutionNode = FALSE
	EndGlobalSection
EndGlobal
